
Microsoft Visual Studio Solution File, Format Version 12.00
# Visual Studio Version 17
VisualStudioVersion = 17.4.33110.190
MinimumVisualStudioVersion = 10.0.40219.1
Project("{FAE04EC0-301F-11D3-BF4B-00C04F79EFBC}") = "testMVC", "testMVC\testMVC.csproj", "{43A61D2E-9F52-4D68-9FBA-ACBD1D329441}"
EndProject
Global
	GlobalSection(SolutionConfigurationPlatforms) = preSolution
		Debug|Any CPU = Debug|Any CPU
		Release|Any CPU = Release|Any CPU
	EndGlobalSection
	GlobalSection(ProjectConfigurationPlatforms) = postSolution
		{43A61D2E-9F52-4D68-9FBA-ACBD1D329441}.Debug|Any CPU.ActiveCfg = Debug|Any CPU
		{43A61D2E-9F52-4D68-9FBA-ACBD1D329441}.Debug|Any CPU.Build.0 = Debug|Any CPU
		{43A61D2E-9F52-4D68-9FBA-ACBD1D329441}.Release|Any CPU.ActiveCfg = Release|Any CPU
		{43A61D2E-9F52-4D68-9FBA-ACBD1D329441}.Release|Any CPU.Build.0 = Release|Any CPU
	EndGlobalSection
	GlobalSection(SolutionProperties) = preSolution
		HideSolutionNode = FALSE
	EndGlobalSection
	GlobalSection(ExtensibilityGlobals) = postSolution
		SolutionGuid = {0A06D0E3-694C-45E3-B3EF-43E344F4938C}
	EndGlobalSection
EndGlobal
